
Microsoft Visual Studio Solution File, Format Version 12.00
# Visual Studio 15
VisualStudioVersion = 15.0.28307.102
MinimumVisualStudioVersion = 10.0.40219.1
Project("{FAE04EC0-301F-11D3-BF4B-00C04F79EFBC}") = "SleepItOff.Android", "SleepItOff\SleepItOff.Android\SleepItOff.Android.csproj", "{24CE3C36-16B9-426D-AA0C-5961ECF8D88C}"
EndProject
Project("{FAE04EC0-301F-11D3-BF4B-00C04F79EFBC}") = "SleepItOff.iOS", "SleepItOff\SleepItOff.iOS\SleepItOff.iOS.csproj", "{EB30287B-BEE7-43B3-8551-36B6BA6D8B5C}"
EndProject
Project("{FAE04EC0-301F-11D3-BF4B-00C04F79EFBC}") = "SleepItOff.MobileAppService", "SleepItOff\SleepItOff.MobileAppService\SleepItOff.MobileAppService.csproj", "{7FC79299-7EF3-44B2-8AF6-5669B6A342BC}"
EndProject
Project("{FAE04EC0-301F-11D3-BF4B-00C04F79EFBC}") = "SleepItOff", "SleepItOff\SleepItOff\SleepItOff.csproj", "{297858A4-9423-4AA1-B86B-965FE9789D26}"
EndProject
Global
	GlobalSection(SolutionConfigurationPlatforms) = preSolution
		Debug|Any CPU = Debug|Any CPU
		Debug|iPhone = Debug|iPhone
		Debug|iPhoneSimulator = Debug|iPhoneSimulator
		Release|Any CPU = Release|Any CPU
		Release|iPhone = Release|iPhone
		Release|iPhoneSimulator = Release|iPhoneSimulator
	EndGlobalSection
	GlobalSection(ProjectConfigurationPlatforms) = postSolution
		{24CE3C36-16B9-426D-AA0C-5961ECF8D88C}.Debug|Any CPU.ActiveCfg = Debug|Any CPU
		{24CE3C36-16B9-426D-AA0C-5961ECF8D88C}.Debug|Any CPU.Build.0 = Debug|Any CPU
		{24CE3C36-16B9-426D-AA0C-5961ECF8D88C}.Debug|Any CPU.Deploy.0 = Debug|Any CPU
		{24CE3C36-16B9-426D-AA0C-5961ECF8D88C}.Debug|iPhone.ActiveCfg = Debug|Any CPU
		{24CE3C36-16B9-426D-AA0C-5961ECF8D88C}.Debug|iPhone.Build.0 = Debug|Any CPU
		{24CE3C36-16B9-426D-AA0C-5961ECF8D88C}.Debug|iPhone.Deploy.0 = Debug|Any CPU
		{24CE3C36-16B9-426D-AA0C-5961ECF8D88C}.Debug|iPhoneSimulator.ActiveCfg = Debug|Any CPU
		{24CE3C36-16B9-426D-AA0C-5961ECF8D88C}.Debug|iPhoneSimulator.Build.0 = Debug|Any CPU
		{24CE3C36-16B9-426D-AA0C-5961ECF8D88C}.Debug|iPhoneSimulator.Deploy.0 = Debug|Any CPU
		{24CE3C36-16B9-426D-AA0C-5961ECF8D88C}.Release|Any CPU.ActiveCfg = Release|Any CPU
		{24CE3C36-16B9-426D-AA0C-5961ECF8D88C}.Release|Any CPU.Build.0 = Release|Any CPU
		{24CE3C36-16B9-426D-AA0C-5961ECF8D88C}.Release|Any CPU.Deploy.0 = Release|Any CPU
		{24CE3C36-16B9-426D-AA0C-5961ECF8D88C}.Release|iPhone.ActiveCfg = Release|Any CPU
		{24CE3C36-16B9-426D-AA0C-5961ECF8D88C}.Release|iPhone.Build.0 = Release|Any CPU
		{24CE3C36-16B9-426D-AA0C-5961ECF8D88C}.Release|iPhone.Deploy.0 = Release|Any CPU
		{24CE3C36-16B9-426D-AA0C-5961ECF8D88C}.Release|iPhoneSimulator.ActiveCfg = Release|Any CPU
		{24CE3C36-16B9-426D-AA0C-5961ECF8D88C}.Release|iPhoneSimulator.Build.0 = Release|Any CPU
		{24CE3C36-16B9-426D-AA0C-5961ECF8D88C}.Release|iPhoneSimulator.Deploy.0 = Release|Any CPU
		{EB30287B-BEE7-43B3-8551-36B6BA6D8B5C}.Debug|Any CPU.ActiveCfg = Debug|iPhoneSimulator
		{EB30287B-BEE7-43B3-8551-36B6BA6D8B5C}.Debug|Any CPU.Build.0 = Debug|iPhoneSimulator
		{EB30287B-BEE7-43B3-8551-36B6BA6D8B5C}.Debug|Any CPU.Deploy.0 = Debug|iPhoneSimulator
		{EB30287B-BEE7-43B3-8551-36B6BA6D8B5C}.Debug|iPhone.ActiveCfg = Debug|iPhone
		{EB30287B-BEE7-43B3-8551-36B6BA6D8B5C}.Debug|iPhone.Build.0 = Debug|iPhone
		{EB30287B-BEE7-43B3-8551-36B6BA6D8B5C}.Debug|iPhone.Deploy.0 = Debug|iPhone
		{EB30287B-BEE7-43B3-8551-36B6BA6D8B5C}.Debug|iPhoneSimulator.ActiveCfg = Debug|iPhoneSimulator
		{EB30287B-BEE7-43B3-8551-36B6BA6D8B5C}.Debug|iPhoneSimulator.Build.0 = Debug|iPhoneSimulator
		{EB30287B-BEE7-43B3-8551-36B6BA6D8B5C}.Debug|iPhoneSimulator.Deploy.0 = Debug|iPhoneSimulator
		{EB30287B-BEE7-43B3-8551-36B6BA6D8B5C}.Release|Any CPU.ActiveCfg = Release|iPhone
		{EB30287B-BEE7-43B3-8551-36B6BA6D8B5C}.Release|Any CPU.Build.0 = Release|iPhone
		{EB30287B-BEE7-43B3-8551-36B6BA6D8B5C}.Release|Any CPU.Deploy.0 = Release|iPhone
		{EB30287B-BEE7-43B3-8551-36B6BA6D8B5C}.Release|iPhone.ActiveCfg = Release|iPhone
		{EB30287B-BEE7-43B3-8551-36B6BA6D8B5C}.Release|iPhone.Build.0 = Release|iPhone
		{EB30287B-BEE7-43B3-8551-36B6BA6D8B5C}.Release|iPhone.Deploy.0 = Release|iPhone
		{EB30287B-BEE7-43B3-8551-36B6BA6D8B5C}.Release|iPhoneSimulator.ActiveCfg = Release|iPhoneSimulator
		{EB30287B-BEE7-43B3-8551-36B6BA6D8B5C}.Release|iPhoneSimulator.Build.0 = Release|iPhoneSimulator
		{EB30287B-BEE7-43B3-8551-36B6BA6D8B5C}.Release|iPhoneSimulator.Deploy.0 = Release|iPhoneSimulator
		{7FC79299-7EF3-44B2-8AF6-5669B6A342BC}.Debug|Any CPU.ActiveCfg = Debug|Any CPU
		{7FC79299-7EF3-44B2-8AF6-5669B6A342BC}.Debug|Any CPU.Build.0 = Debug|Any CPU
		{7FC79299-7EF3-44B2-8AF6-5669B6A342BC}.Debug|Any CPU.Deploy.0 = Debug|Any CPU
		{7FC79299-7EF3-44B2-8AF6-5669B6A342BC}.Debug|iPhone.ActiveCfg = Debug|Any CPU
		{7FC79299-7EF3-44B2-8AF6-5669B6A342BC}.Debug|iPhone.Build.0 = Debug|Any CPU
		{7FC79299-7EF3-44B2-8AF6-5669B6A342BC}.Debug|iPhone.Deploy.0 = Debug|Any CPU
		{7FC79299-7EF3-44B2-8AF6-5669B6A342BC}.Debug|iPhoneSimulator.ActiveCfg = Debug|Any CPU
		{7FC79299-7EF3-44B2-8AF6-5669B6A342BC}.Debug|iPhoneSimulator.Build.0 = Debug|Any CPU
		{7FC79299-7EF3-44B2-8AF6-5669B6A342BC}.Debug|iPhoneSimulator.Deploy.0 = Debug|Any CPU
		{7FC79299-7EF3-44B2-8AF6-5669B6A342BC}.Release|Any CPU.ActiveCfg = Release|Any CPU
		{7FC79299-7EF3-44B2-8AF6-5669B6A342BC}.Release|Any CPU.Build.0 = Release|Any CPU
		{7FC79299-7EF3-44B2-8AF6-5669B6A342BC}.Release|Any CPU.Deploy.0 = Release|Any CPU
		{7FC79299-7EF3-44B2-8AF6-5669B6A342BC}.Release|iPhone.ActiveCfg = Release|Any CPU
		{7FC79299-7EF3-44B2-8AF6-5669B6A342BC}.Release|iPhone.Build.0 = Release|Any CPU
		{7FC79299-7EF3-44B2-8AF6-5669B6A342BC}.Release|iPhone.Deploy.0 = Release|Any CPU
		{7FC79299-7EF3-44B2-8AF6-5669B6A342BC}.Release|iPhoneSimulator.ActiveCfg = Release|Any CPU
		{7FC79299-7EF3-44B2-8AF6-5669B6A342BC}.Release|iPhoneSimulator.Build.0 = Release|Any CPU
		{7FC79299-7EF3-44B2-8AF6-5669B6A342BC}.Release|iPhoneSimulator.Deploy.0 = Release|Any CPU
		{297858A4-9423-4AA1-B86B-965FE9789D26}.Debug|Any CPU.ActiveCfg = Debug|Any CPU
		{297858A4-9423-4AA1-B86B-965FE9789D26}.Debug|Any CPU.Build.0 = Debug|Any CPU
		{297858A4-9423-4AA1-B86B-965FE9789D26}.Debug|Any CPU.Deploy.0 = Debug|Any CPU
		{297858A4-9423-4AA1-B86B-965FE9789D26}.Debug|iPhone.ActiveCfg = Debug|Any CPU
		{297858A4-9423-4AA1-B86B-965FE9789D26}.Debug|iPhone.Build.0 = Debug|Any CPU
		{297858A4-9423-4AA1-B86B-965FE9789D26}.Debug|iPhone.Deploy.0 = Debug|Any CPU
		{297858A4-9423-4AA1-B86B-965FE9789D26}.Debug|iPhoneSimulator.ActiveCfg = Debug|Any CPU
		{297858A4-9423-4AA1-B86B-965FE9789D26}.Debug|iPhoneSimulator.Build.0 = Debug|Any CPU
		{297858A4-9423-4AA1-B86B-965FE9789D26}.Debug|iPhoneSimulator.Deploy.0 = Debug|Any CPU
		{297858A4-9423-4AA1-B86B-965FE9789D26}.Release|Any CPU.ActiveCfg = Release|Any CPU
		{297858A4-9423-4AA1-B86B-965FE9789D26}.Release|Any CPU.Build.0 = Release|Any CPU
		{297858A4-9423-4AA1-B86B-965FE9789D26}.Release|Any CPU.Deploy.0 = Release|Any CPU
		{297858A4-9423-4AA1-B86B-965FE9789D26}.Release|iPhone.ActiveCfg = Release|Any CPU
		{297858A4-9423-4AA1-B86B-965FE9789D26}.Release|iPhone.Build.0 = Release|Any CPU
		{297858A4-9423-4AA1-B86B-965FE9789D26}.Release|iPhone.Deploy.0 = Release|Any CPU
		{297858A4-9423-4AA1-B86B-965FE9789D26}.Release|iPhoneSimulator.ActiveCfg = Release|Any CPU
		{297858A4-9423-4AA1-B86B-965FE9789D26}.Release|iPhoneSimulator.Build.0 = Release|Any CPU
		{297858A4-9423-4AA1-B86B-965FE9789D26}.Release|iPhoneSimulator.Deploy.0 = Release|Any CPU
	EndGlobalSection
	GlobalSection(SolutionProperties) = preSolution
		HideSolutionNode = FALSE
	EndGlobalSection
	GlobalSection(ExtensibilityGlobals) = postSolution
		SolutionGuid = {96090885-0EA6-4EF4-8A55-346B1D0B4811}
	EndGlobalSection
EndGlobal
